
Microsoft Visual Studio Solution File, Format Version 12.00
# Visual Studio Version 16
VisualStudioVersion = 16.0.30413.136
MinimumVisualStudioVersion = 10.0.40219.1
Project("{FAE04EC0-301F-11D3-BF4B-00C04F79EFBC}") = "test-task", "test-task.csproj", "{36CC208F-E3F1-43CE-ADA2-8E461C2D8C73}"
EndProject
Global
	GlobalSection(SolutionConfigurationPlatforms) = preSolution
		Debug|Any CPU = Debug|Any CPU
		Release|Any CPU = Release|Any CPU
	EndGlobalSection
	GlobalSection(ProjectConfigurationPlatforms) = postSolution
		{36CC208F-E3F1-43CE-ADA2-8E461C2D8C73}.Debug|Any CPU.ActiveCfg = Debug|Any CPU
		{36CC208F-E3F1-43CE-ADA2-8E461C2D8C73}.Debug|Any CPU.Build.0 = Debug|Any CPU
		{36CC208F-E3F1-43CE-ADA2-8E461C2D8C73}.Release|Any CPU.ActiveCfg = Release|Any CPU
		{36CC208F-E3F1-43CE-ADA2-8E461C2D8C73}.Release|Any CPU.Build.0 = Release|Any CPU
	EndGlobalSection
	GlobalSection(SolutionProperties) = preSolution
		HideSolutionNode = FALSE
	EndGlobalSection
	GlobalSection(ExtensibilityGlobals) = postSolution
		SolutionGuid = {5ADBA4F0-1422-4667-ABF0-8FABBE6B517F}
	EndGlobalSection
EndGlobal
