
Microsoft Visual Studio Solution File, Format Version 12.00
# Visual Studio Version 16
VisualStudioVersion = 16.0.30413.136
MinimumVisualStudioVersion = 10.0.40219.1
Project("{9A19103F-16F7-4668-BE54-9A1E7A4F7556}") = "task-2-client", "task-2-client.csproj", "{1A255515-4185-4C13-859B-7A5E36BBA710}"
EndProject
Project("{9A19103F-16F7-4668-BE54-9A1E7A4F7556}") = "task-2-server", "..\task-2-server\task-2-server.csproj", "{A31322BC-F5CC-42E1-A034-758196B52E7E}"
EndProject
Project("{FAE04EC0-301F-11D3-BF4B-00C04F79EFBC}") = "task-2-messages", "..\task-2-messages\task-2-messages.csproj", "{77CCFC52-09C7-47E5-849E-6B18DAF56E70}"
EndProject
Global
	GlobalSection(SolutionConfigurationPlatforms) = preSolution
		Debug|Any CPU = Debug|Any CPU
		Release|Any CPU = Release|Any CPU
	EndGlobalSection
	GlobalSection(ProjectConfigurationPlatforms) = postSolution
		{1A255515-4185-4C13-859B-7A5E36BBA710}.Debug|Any CPU.ActiveCfg = Debug|Any CPU
		{1A255515-4185-4C13-859B-7A5E36BBA710}.Debug|Any CPU.Build.0 = Debug|Any CPU
		{1A255515-4185-4C13-859B-7A5E36BBA710}.Release|Any CPU.ActiveCfg = Release|Any CPU
		{1A255515-4185-4C13-859B-7A5E36BBA710}.Release|Any CPU.Build.0 = Release|Any CPU
		{A31322BC-F5CC-42E1-A034-758196B52E7E}.Debug|Any CPU.ActiveCfg = Debug|Any CPU
		{A31322BC-F5CC-42E1-A034-758196B52E7E}.Debug|Any CPU.Build.0 = Debug|Any CPU
		{A31322BC-F5CC-42E1-A034-758196B52E7E}.Release|Any CPU.ActiveCfg = Release|Any CPU
		{A31322BC-F5CC-42E1-A034-758196B52E7E}.Release|Any CPU.Build.0 = Release|Any CPU
		{77CCFC52-09C7-47E5-849E-6B18DAF56E70}.Debug|Any CPU.ActiveCfg = Debug|Any CPU
		{77CCFC52-09C7-47E5-849E-6B18DAF56E70}.Debug|Any CPU.Build.0 = Debug|Any CPU
		{77CCFC52-09C7-47E5-849E-6B18DAF56E70}.Release|Any CPU.ActiveCfg = Release|Any CPU
		{77CCFC52-09C7-47E5-849E-6B18DAF56E70}.Release|Any CPU.Build.0 = Release|Any CPU
	EndGlobalSection
	GlobalSection(SolutionProperties) = preSolution
		HideSolutionNode = FALSE
	EndGlobalSection
	GlobalSection(ExtensibilityGlobals) = postSolution
		SolutionGuid = {C5B5C707-438E-4626-BD84-5268F5E94929}
	EndGlobalSection
EndGlobal
